
Microsoft Visual Studio Solution File, Format Version 12.00
# Visual Studio 15
VisualStudioVersion = 15.0.27703.2042
MinimumVisualStudioVersion = 10.0.40219.1
Project("{FAE04EC0-301F-11D3-BF4B-00C04F79EFBC}") = "YDv2", "YD v2\YDv2.csproj", "{988B8E34-1F5F-4BF1-839C-C3ECFE0BBED0}"
EndProject
Global
	GlobalSection(SolutionConfigurationPlatforms) = preSolution
		Debug|Any CPU = Debug|Any CPU
		Release|Any CPU = Release|Any CPU
	EndGlobalSection
	GlobalSection(ProjectConfigurationPlatforms) = postSolution
		{988B8E34-1F5F-4BF1-839C-C3ECFE0BBED0}.Debug|Any CPU.ActiveCfg = Debug|Any CPU
		{988B8E34-1F5F-4BF1-839C-C3ECFE0BBED0}.Debug|Any CPU.Build.0 = Debug|Any CPU
		{988B8E34-1F5F-4BF1-839C-C3ECFE0BBED0}.Release|Any CPU.ActiveCfg = Release|Any CPU
		{988B8E34-1F5F-4BF1-839C-C3ECFE0BBED0}.Release|Any CPU.Build.0 = Release|Any CPU
	EndGlobalSection
	GlobalSection(SolutionProperties) = preSolution
		HideSolutionNode = FALSE
	EndGlobalSection
	GlobalSection(ExtensibilityGlobals) = postSolution
		SolutionGuid = {23DBCC4D-740B-4829-930F-C77680F09FA8}
	EndGlobalSection
EndGlobal
